{
  "version": 4,
  "terraform_version": "0.13.5",
  "serial": 4,
  "lineage": "b8d2570f-5c1a-355a-af00-b9aeb5d6e370",
  "outputs": {
    "ConnectionString": {
      "value": "DefaultEndpointsProtocol=https;BlobEndpoint=https://devopsdemo019.blob.core.windows.net/;AccountName=devopsdemo019;AccountKey=hrDXWSP5sWekdnzfU0EEzA9njVMGIid7QeQUh05QA/EZL+3Ganfm84+2UftSKzosA0UIvKJfBpTkFQdXb+FB3g==",
      "type": "string"
    }
  },
  "resources": [
    {
      "mode": "managed",
      "type": "azurerm_resource_group",
      "name": "example",
      "provider": "provider[\"registry.terraform.io/hashicorp/azurerm\"]",
      "instances": [
        {
          "schema_version": 0,
          "attributes": {
            "id": "/subscriptions/469048f1-92af-4c71-a63b-330ec31d2b82/resourceGroups/example-resources",
            "location": "westeurope",
            "name": "example-resources",
            "tags": {},
            "timeouts": null
          },
          "private": "eyJlMmJmYjczMC1lY2FhLTExZTYtOGY4OC0zNDM2M2JjN2M0YzAiOnsiY3JlYXRlIjo1NDAwMDAwMDAwMDAwLCJkZWxldGUiOjU0MDAwMDAwMDAwMDAsInJlYWQiOjMwMDAwMDAwMDAwMCwidXBkYXRlIjo1NDAwMDAwMDAwMDAwfX0="
        }
      ]
    },
    {
      "mode": "managed",
      "type": "azurerm_storage_account",
      "name": "example",
      "provider": "provider[\"registry.terraform.io/hashicorp/azurerm\"]",
      "instances": [
        {
          "schema_version": 2,
          "attributes": {
            "access_tier": "Hot",
            "account_kind": "StorageV2",
            "account_replication_type": "LRS",
            "account_tier": "Standard",
            "allow_blob_public_access": false,
            "blob_properties": [],
            "custom_domain": [],
            "enable_https_traffic_only": true,
            "id": "/subscriptions/469048f1-92af-4c71-a63b-330ec31d2b82/resourceGroups/example-resources/providers/Microsoft.Storage/storageAccounts/devopsdemo019",
            "identity": [],
            "is_hns_enabled": false,
            "location": "westeurope",
            "name": "devopsdemo019",
            "network_rules": [
              {
                "bypass": [
                  "AzureServices"
                ],
                "default_action": "Allow",
                "ip_rules": [],
                "virtual_network_subnet_ids": []
              }
            ],
            "primary_access_key": "hrDXWSP5sWekdnzfU0EEzA9njVMGIid7QeQUh05QA/EZL+3Ganfm84+2UftSKzosA0UIvKJfBpTkFQdXb+FB3g==",
            "primary_blob_connection_string": "DefaultEndpointsProtocol=https;BlobEndpoint=https://devopsdemo019.blob.core.windows.net/;AccountName=devopsdemo019;AccountKey=hrDXWSP5sWekdnzfU0EEzA9njVMGIid7QeQUh05QA/EZL+3Ganfm84+2UftSKzosA0UIvKJfBpTkFQdXb+FB3g==",
            "primary_blob_endpoint": "https://devopsdemo019.blob.core.windows.net/",
            "primary_blob_host": "devopsdemo019.blob.core.windows.net",
            "primary_connection_string": "DefaultEndpointsProtocol=https;AccountName=devopsdemo019;AccountKey=hrDXWSP5sWekdnzfU0EEzA9njVMGIid7QeQUh05QA/EZL+3Ganfm84+2UftSKzosA0UIvKJfBpTkFQdXb+FB3g==;EndpointSuffix=core.windows.net",
            "primary_dfs_endpoint": "https://devopsdemo019.dfs.core.windows.net/",
            "primary_dfs_host": "devopsdemo019.dfs.core.windows.net",
            "primary_file_endpoint": "https://devopsdemo019.file.core.windows.net/",
            "primary_file_host": "devopsdemo019.file.core.windows.net",
            "primary_location": "westeurope",
            "primary_queue_endpoint": "https://devopsdemo019.queue.core.windows.net/",
            "primary_queue_host": "devopsdemo019.queue.core.windows.net",
            "primary_table_endpoint": "https://devopsdemo019.table.core.windows.net/",
            "primary_table_host": "devopsdemo019.table.core.windows.net",
            "primary_web_endpoint": "https://devopsdemo019.z6.web.core.windows.net/",
            "primary_web_host": "devopsdemo019.z6.web.core.windows.net",
            "queue_properties": [
              {
                "cors_rule": [],
                "hour_metrics": [
                  {
                    "enabled": true,
                    "include_apis": true,
                    "retention_policy_days": 7,
                    "version": "1.0"
                  }
                ],
                "logging": [
                  {
                    "delete": false,
                    "read": false,
                    "retention_policy_days": 0,
                    "version": "1.0",
                    "write": false
                  }
                ],
                "minute_metrics": [
                  {
                    "enabled": false,
                    "include_apis": false,
                    "retention_policy_days": 0,
                    "version": "1.0"
                  }
                ]
              }
            ],
            "resource_group_name": "example-resources",
            "secondary_access_key": "TCA7E+KU6hQ62ab/OvX5rj+hbvFxUa1Uxgie9INCm6W+kTVULpVTUpqbH89/BGuNzLr8ajCL10NT4P/1yETVxA==",
            "secondary_blob_connection_string": "",
            "secondary_blob_endpoint": null,
            "secondary_blob_host": null,
            "secondary_connection_string": "DefaultEndpointsProtocol=https;AccountName=devopsdemo019;AccountKey=TCA7E+KU6hQ62ab/OvX5rj+hbvFxUa1Uxgie9INCm6W+kTVULpVTUpqbH89/BGuNzLr8ajCL10NT4P/1yETVxA==;EndpointSuffix=core.windows.net",
            "secondary_dfs_endpoint": null,
            "secondary_dfs_host": null,
            "secondary_file_endpoint": null,
            "secondary_file_host": null,
            "secondary_location": "",
            "secondary_queue_endpoint": null,
            "secondary_queue_host": null,
            "secondary_table_endpoint": null,
            "secondary_table_host": null,
            "secondary_web_endpoint": null,
            "secondary_web_host": null,
            "static_website": [],
            "tags": {
              "environment": "staging"
            },
            "timeouts": null
          },
          "private": "eyJlMmJmYjczMC1lY2FhLTExZTYtOGY4OC0zNDM2M2JjN2M0YzAiOnsiY3JlYXRlIjozNjAwMDAwMDAwMDAwLCJkZWxldGUiOjM2MDAwMDAwMDAwMDAsInJlYWQiOjMwMDAwMDAwMDAwMCwidXBkYXRlIjozNjAwMDAwMDAwMDAwfSwic2NoZW1hX3ZlcnNpb24iOiIyIn0=",
          "dependencies": [
            "azurerm_resource_group.example"
          ]
        }
      ]
    }
  ]
}
